{"1.1.0",
[{<<"cowboy">>,
  {git,"https://github.com/emqx/cowboy",
       {ref,"3b6bdaf4f2e3c5b793a0c3cada2c3b74c3d5e885"}},
  1},
 {<<"cowlib">>,
  {git,"https://github.com/ninenines/cowlib",
       {ref,"c6553f8308a2ca5dcd69d845f0a7d098c40c3363"}},
  2},
 {<<"cuttlefish">>,
  {git,"https://github.com/emqx/cuttlefish",
       {ref,"c945f3f7eda02c1ac319776f5adc3781a1b0f9b6"}},
  1},
 {<<"ekka">>,
  {git,"https://github.com/emqx/ekka",
       {ref,"ade5b0252029701899fd70bd388074a045d2898c"}},
  1},
 {<<"emqx">>,
  {git,"https://github.com/emqx/emqx",
       {ref,"cc76abdcb3a52d9fb43e932e2f7fe57999e1df67"}},
  0},
 {<<"esockd">>,
  {git,"https://github.com/emqx/esockd",
       {ref,"7e0beab781643d5708db07373316d7ada293f4fc"}},
  1},
 {<<"gen_rpc">>,
  {git,"https://github.com/emqx/gen_rpc",
       {ref,"fe2dd1d92a2b666e40c77dde95711a2e9317082a"}},
  1},
 {<<"getopt">>,
  {git,"https://github.com/emqx/getopt.git",
       {ref,"215f2083408e1fe562d441aea6062bf5d9e1fb67"}},
  2},
 {<<"gproc">>,{pkg,<<"gproc">>,<<"0.8.0">>},1},
 {<<"jiffy">>,
  {git,"https://github.com/emqx/jiffy",
       {ref,"bb28d324a24f787ac4ee8f8d16f02f102007c24b"}},
  1},
 {<<"ranch">>,
  {git,"https://github.com/ninenines/ranch",
       {ref,"3190aef88aea04d6dce8545fe9b4574288903f44"}},
  2},
 {<<"ssl_verify_fun">>,
  {git,"https://github.com/deadtrickster/ssl_verify_fun.erl.git",
       {ref,"c5718226b0b9f3d1a38ef6ca3c3b4c75f53dda92"}},
  2}]}.
[
{pkg_hash,[
 {<<"gproc">>, <<"CEA02C578589C61E5341FCE149EA36CCEF236CC2ECAC8691FBA408E7EA77EC2F">>}]}
].
